{
  "version": "5",
  "specifiers": {
    "jsr:@murat/openapi@~0.1.17": "0.1.17",
    "npm:zod@^4.0.5": "4.0.14"
  },
  "jsr": {
    "@murat/openapi@0.1.17": {
      "integrity": "3098b9cacb6493067d3c03fb257fd959eb0c187964136eee5cc0551876ce7799"
    }
  },
  "npm": {
    "zod@4.0.14": {
      "integrity": "sha512-nGFJTnJN6cM2v9kXL+SOBq3AtjQby3Mv5ySGFof5UGRHrRioSJ5iG680cYNjE/yWk671nROcpPj4hAS8nyLhSw=="
    }
  },
  "workspace": {
    "dependencies": [
      "jsr:@murat/openapi@~0.1.17",
      "jsr:@yelix/hono@~0.1.29",
      "npm:@hono/zod-validator@~0.7.2",
      "npm:zod@^4.0.5"
    ]
  }
}
